
Microsoft Visual Studio Solution File, Format Version 12.00
# Visual Studio Version 16
VisualStudioVersion = 16.0.28721.148
MinimumVisualStudioVersion = 10.0.40219.1
Project("{FAE04EC0-301F-11D3-BF4B-00C04F79EFBC}") = "ChsApi", "ChsApi\ChsApi.csproj", "{A5888D4C-9001-4AAD-B29F-1B050D9373AA}"
EndProject
Global
	GlobalSection(SolutionConfigurationPlatforms) = preSolution
		Debug|Any CPU = Debug|Any CPU
		Release|Any CPU = Release|Any CPU
	EndGlobalSection
	GlobalSection(ProjectConfigurationPlatforms) = postSolution
		{A5888D4C-9001-4AAD-B29F-1B050D9373AA}.Debug|Any CPU.ActiveCfg = Debug|Any CPU
		{A5888D4C-9001-4AAD-B29F-1B050D9373AA}.Debug|Any CPU.Build.0 = Debug|Any CPU
		{A5888D4C-9001-4AAD-B29F-1B050D9373AA}.Release|Any CPU.ActiveCfg = Release|Any CPU
		{A5888D4C-9001-4AAD-B29F-1B050D9373AA}.Release|Any CPU.Build.0 = Release|Any CPU
	EndGlobalSection
	GlobalSection(SolutionProperties) = preSolution
		HideSolutionNode = FALSE
	EndGlobalSection
	GlobalSection(ExtensibilityGlobals) = postSolution
		SolutionGuid = {2821ED4F-E0AC-4414-9CBA-40E6CBB1ED8D}
	EndGlobalSection
EndGlobal
